
Microsoft Visual Studio Solution File, Format Version 12.00
# Visual Studio 15
VisualStudioVersion = 15.0.27130.2036
MinimumVisualStudioVersion = 10.0.40219.1
Project("{9A19103F-16F7-4668-BE54-9A1E7A4F7556}") = "SetupEnv", "SetupEnv\SetupEnv.csproj", "{53DAEAA4-A745-48E0-810F-5B62A9D2BC50}"
EndProject
Project("{FAE04EC0-301F-11D3-BF4B-00C04F79EFBC}") = "UnitTestProject1", "UnitTestProject1\UnitTestProject1.csproj", "{F632EC07-3105-4CBF-A0D0-0DB0F6F3C474}"
EndProject
Global
	GlobalSection(SolutionConfigurationPlatforms) = preSolution
		Debug|Any CPU = Debug|Any CPU
		Release|Any CPU = Release|Any CPU
	EndGlobalSection
	GlobalSection(ProjectConfigurationPlatforms) = postSolution
		{53DAEAA4-A745-48E0-810F-5B62A9D2BC50}.Debug|Any CPU.ActiveCfg = Debug|Any CPU
		{53DAEAA4-A745-48E0-810F-5B62A9D2BC50}.Debug|Any CPU.Build.0 = Debug|Any CPU
		{53DAEAA4-A745-48E0-810F-5B62A9D2BC50}.Release|Any CPU.ActiveCfg = Release|Any CPU
		{53DAEAA4-A745-48E0-810F-5B62A9D2BC50}.Release|Any CPU.Build.0 = Release|Any CPU
		{F632EC07-3105-4CBF-A0D0-0DB0F6F3C474}.Debug|Any CPU.ActiveCfg = Debug|Any CPU
		{F632EC07-3105-4CBF-A0D0-0DB0F6F3C474}.Debug|Any CPU.Build.0 = Debug|Any CPU
		{F632EC07-3105-4CBF-A0D0-0DB0F6F3C474}.Release|Any CPU.ActiveCfg = Release|Any CPU
		{F632EC07-3105-4CBF-A0D0-0DB0F6F3C474}.Release|Any CPU.Build.0 = Release|Any CPU
	EndGlobalSection
	GlobalSection(SolutionProperties) = preSolution
		HideSolutionNode = FALSE
	EndGlobalSection
	GlobalSection(ExtensibilityGlobals) = postSolution
		SolutionGuid = {78097E2C-640C-4FE4-ADA1-5E3777D0338A}
	EndGlobalSection
EndGlobal
